
Microsoft Visual Studio Solution File, Format Version 12.00
# Visual Studio Version 17
VisualStudioVersion = 17.11.35312.102
MinimumVisualStudioVersion = 10.0.40219.1
Project("{FAE04EC0-301F-11D3-BF4B-00C04F79EFBC}") = "Odev2.7OkulZilUygulamasi", "Odev2.7OkulZilUygulamasi\Odev2.7OkulZilUygulamasi.csproj", "{9FE6D763-64BF-4B70-AC8E-47852FF401A6}"
EndProject
Global
	GlobalSection(SolutionConfigurationPlatforms) = preSolution
		Debug|Any CPU = Debug|Any CPU
		Release|Any CPU = Release|Any CPU
	EndGlobalSection
	GlobalSection(ProjectConfigurationPlatforms) = postSolution
		{9FE6D763-64BF-4B70-AC8E-47852FF401A6}.Debug|Any CPU.ActiveCfg = Debug|Any CPU
		{9FE6D763-64BF-4B70-AC8E-47852FF401A6}.Debug|Any CPU.Build.0 = Debug|Any CPU
		{9FE6D763-64BF-4B70-AC8E-47852FF401A6}.Release|Any CPU.ActiveCfg = Release|Any CPU
		{9FE6D763-64BF-4B70-AC8E-47852FF401A6}.Release|Any CPU.Build.0 = Release|Any CPU
	EndGlobalSection
	GlobalSection(SolutionProperties) = preSolution
		HideSolutionNode = FALSE
	EndGlobalSection
	GlobalSection(ExtensibilityGlobals) = postSolution
		SolutionGuid = {DFD735D0-1CE3-485E-977B-C84318242515}
	EndGlobalSection
EndGlobal
